// !$*UTF8*$!
{
	archiveVersion = 1;
	classes = {
	};
	objectVersion = 48;
	objects = {

/* Begin PBXBuildFile section */
		000CCE561FB20A5800F81C03 /* Animate.swift in Sources */ = {isa = PBXBuildFile; fileRef = 000CCE541FB20A5800F81C03 /* Animate.swift */; };
		000CCE571FB20A5800F81C03 /* UserDefaultsManager.swift in Sources */ = {isa = PBXBuildFile; fileRef = 000CCE551FB20A5800F81C03 /* UserDefaultsManager.swift */; };
		000CCE591FB20A8100F81C03 /* SectionController.swift in Sources */ = {isa = PBXBuildFile; fileRef = 000CCE581FB20A8100F81C03 /* SectionController.swift */; };
		003D22DE1FBF0AC900AAA9DF /* cam.jpg in Resources */ = {isa = PBXBuildFile; fileRef = 003D22DD1FBF0AC800AAA9DF /* cam.jpg */; };
		003D22E01FBF0DF200AAA9DF /* nothing.png in Resources */ = {isa = PBXBuildFile; fileRef = 003D22DF1FBF0DF200AAA9DF /* nothing.png */; };
		0058B0631F127B6E008EA176 /* AppDelegate.swift in Sources */ = {isa = PBXBuildFile; fileRef = 0058B0621F127B6E008EA176 /* AppDelegate.swift */; };
		0058B0651F127B6E008EA176 /* MainViewController.swift in Sources */ = {isa = PBXBuildFile; fileRef = 0058B0641F127B6E008EA176 /* MainViewController.swift */; };
		0058B0681F127B6E008EA176 /* Main.storyboard in Resources */ = {isa = PBXBuildFile; fileRef = 0058B0661F127B6E008EA176 /* Main.storyboard */; };
		0058B06A1F127B6E008EA176 /* Assets.xcassets in Resources */ = {isa = PBXBuildFile; fileRef = 0058B0691F127B6E008EA176 /* Assets.xcassets */; };
		0058B06D1F127B6E008EA176 /* LaunchScreen.storyboard in Resources */ = {isa = PBXBuildFile; fileRef = 0058B06B1F127B6E008EA176 /* LaunchScreen.storyboard */; };
		00CFD6851FBB753B00ECC0CD /* AdminViewController.swift in Sources */ = {isa = PBXBuildFile; fileRef = 00CFD6841FBB753B00ECC0CD /* AdminViewController.swift */; };
		00CFD6871FBB75CD00ECC0CD /* Parser2.swift in Sources */ = {isa = PBXBuildFile; fileRef = 00CFD6861FBB75CD00ECC0CD /* Parser2.swift */; };
		00F85DF31F129877001B2255 /* Parser1.swift in Sources */ = {isa = PBXBuildFile; fileRef = 00F85DF21F129877001B2255 /* Parser1.swift */; };
		5BA0A3DE1FD4BB5D006BAF32 /* cinema_red_carpet.png in Resources */ = {isa = PBXBuildFile; fileRef = 5BA0A3DD1FD4BB5B006BAF32 /* cinema_red_carpet.png */; };
		5BA0A3E01FD4BD2D006BAF32 /* cinema_room.png in Resources */ = {isa = PBXBuildFile; fileRef = 5BA0A3DF1FD4BD2C006BAF32 /* cinema_room.png */; };
		5BA0A3E21FD4CCAC006BAF32 /* texture_blood.png in Resources */ = {isa = PBXBuildFile; fileRef = 5BA0A3E11FD4CCAC006BAF32 /* texture_blood.png */; };
		5BA0A4021FD4E60E006BAF32 /* Icon-16.png in Resources */ = {isa = PBXBuildFile; fileRef = 5BA0A3E41FD4E470006BAF32 /* Icon-16.png */; };
		5BA0A4031FD4E60E006BAF32 /* Icon-167.png in Resources */ = {isa = PBXBuildFile; fileRef = 5BA0A3E51FD4E47D006BAF32 /* Icon-167.png */; };
		5BA0A4041FD4E60E006BAF32 /* Icon-32.png in Resources */ = {isa = PBXBuildFile; fileRef = 5BA0A3E61FD4E48B006BAF32 /* Icon-32.png */; };
		5BA0A4051FD4E60E006BAF32 /* Icon-512.png in Resources */ = {isa = PBXBuildFile; fileRef = 5BA0A3E71FD4E495006BAF32 /* Icon-512.png */; };
		5BA0A4061FD4E60E006BAF32 /* Icon-1024.png in Resources */ = {isa = PBXBuildFile; fileRef = 5BA0A3E81FD4E49E006BAF32 /* Icon-1024.png */; };
		5BA0A4071FD4E60E006BAF32 /* Icon-29.png in Resources */ = {isa = PBXBuildFile; fileRef = 5BA0A3E91FD4E4A7006BAF32 /* Icon-29.png */; };
		5BA0A4081FD4E60E006BAF32 /* Icon-100.png in Resources */ = {isa = PBXBuildFile; fileRef = 5BA0A3EA1FD4E4B1006BAF32 /* Icon-100.png */; };
		5BA0A4091FD4E60E006BAF32 /* Icon-180.png in Resources */ = {isa = PBXBuildFile; fileRef = 5BA0A3EB1FD4E4BF006BAF32 /* Icon-180.png */; };
		5BA0A40A1FD4E60E006BAF32 /* Icon-57.png in Resources */ = {isa = PBXBuildFile; fileRef = 5BA0A3EC1FD4E4CA006BAF32 /* Icon-57.png */; };
		5BA0A40B1FD4E60E006BAF32 /* Icon-114.png in Resources */ = {isa = PBXBuildFile; fileRef = 5BA0A3ED1FD4E4DA006BAF32 /* Icon-114.png */; };
		5BA0A40C1FD4E60E006BAF32 /* Icon-256.png in Resources */ = {isa = PBXBuildFile; fileRef = 5BA0A3EE1FD4E4E4006BAF32 /* Icon-256.png */; };
		5BA0A40D1FD4E60E006BAF32 /* Icon-72.png in Resources */ = {isa = PBXBuildFile; fileRef = 5BA0A3EF1FD4E4EF006BAF32 /* Icon-72.png */; };
		5BA0A40E1FD4E60E006BAF32 /* Icon-76.png in Resources */ = {isa = PBXBuildFile; fileRef = 5BA0A3F01FD4E4FB006BAF32 /* Icon-76.png */; };
		5BA0A40F1FD4E60E006BAF32 /* Icon-55.png in Resources */ = {isa = PBXBuildFile; fileRef = 5BA0A3F11FD4E509006BAF32 /* Icon-55.png */; };
		5BA0A4101FD4E60E006BAF32 /* Icon-128.png in Resources */ = {isa = PBXBuildFile; fileRef = 5BA0A3F21FD4E518006BAF32 /* Icon-128.png */; };
		5BA0A4111FD4E60E006BAF32 /* Icon-80.png in Resources */ = {isa = PBXBuildFile; fileRef = 5BA0A3F31FD4E524006BAF32 /* Icon-80.png */; };
		5BA0A4121FD4E60E006BAF32 /* Icon-48.png in Resources */ = {isa = PBXBuildFile; fileRef = 5BA0A3F41FD4E532006BAF32 /* Icon-48.png */; };
		5BA0A4131FD4E60E006BAF32 /* Icon-64.png in Resources */ = {isa = PBXBuildFile; fileRef = 5BA0A3F51FD4E53E006BAF32 /* Icon-64.png */; };
		5BA0A4141FD4E60E006BAF32 /* Icon-88.png in Resources */ = {isa = PBXBuildFile; fileRef = 5BA0A3F61FD4E54F006BAF32 /* Icon-88.png */; };
		5BA0A4151FD4E60E006BAF32 /* Icon-196.png in Resources */ = {isa = PBXBuildFile; fileRef = 5BA0A3F71FD4E567006BAF32 /* Icon-196.png */; };
		5BA0A4161FD4E60E006BAF32 /* Icon-20.png in Resources */ = {isa = PBXBuildFile; fileRef = 5BA0A3F81FD4E580006BAF32 /* Icon-20.png */; };
		5BA0A4171FD4E60E006BAF32 /* Icon-60.png in Resources */ = {isa = PBXBuildFile; fileRef = 5BA0A3F91FD4E581006BAF32 /* Icon-60.png */; };
		5BA0A4181FD4E60E006BAF32 /* Icon-120.png in Resources */ = {isa = PBXBuildFile; fileRef = 5BA0A3FA1FD4E594006BAF32 /* Icon-120.png */; };
		5BA0A4191FD4E60E006BAF32 /* Icon-50.png in Resources */ = {isa = PBXBuildFile; fileRef = 5BA0A3FB1FD4E5A6006BAF32 /* Icon-50.png */; };
		5BA0A41A1FD4E60E006BAF32 /* Icon-152.png in Resources */ = {isa = PBXBuildFile; fileRef = 5BA0A3FC1FD4E5B6006BAF32 /* Icon-152.png */; };
		5BA0A41B1FD4E60E006BAF32 /* Icon-172.png in Resources */ = {isa = PBXBuildFile; fileRef = 5BA0A3FD1FD4E5C4006BAF32 /* Icon-172.png */; };
		5BA0A41C1FD4E60E006BAF32 /* Icon-144.png in Resources */ = {isa = PBXBuildFile; fileRef = 5BA0A3FE1FD4E5D1006BAF32 /* Icon-144.png */; };
		5BA0A41D1FD4E60E006BAF32 /* Icon-40.png in Resources */ = {isa = PBXBuildFile; fileRef = 5BA0A3FF1FD4E5DE006BAF32 /* Icon-40.png */; };
		5BA0A41E1FD4E60E006BAF32 /* Icon-58.png in Resources */ = {isa = PBXBuildFile; fileRef = 5BA0A4001FD4E5EE006BAF32 /* Icon-58.png */; };
		5BA0A41F1FD4E60E006BAF32 /* Icon-87.png in Resources */ = {isa = PBXBuildFile; fileRef = 5BA0A4011FD4E5FD006BAF32 /* Icon-87.png */; };
		5BA0A4211FD4E8B3006BAF32 /* logo_final.png in Resources */ = {isa = PBXBuildFile; fileRef = 5BA0A4201FD4E8B2006BAF32 /* logo_final.png */; };
		5BA0A4231FD4F159006BAF32 /* launch.png in Resources */ = {isa = PBXBuildFile; fileRef = 5BA0A4221FD4F159006BAF32 /* launch.png */; };
		5BA0A4301FD4FE54006BAF32 /* camera_3.png in Resources */ = {isa = PBXBuildFile; fileRef = 5BA0A4241FD4FE52006BAF32 /* camera_3.png */; };
		5BA0A4311FD4FE54006BAF32 /* camera_5.png in Resources */ = {isa = PBXBuildFile; fileRef = 5BA0A4251FD4FE52006BAF32 /* camera_5.png */; };
		5BA0A4321FD4FE54006BAF32 /* tripiede_3.png in Resources */ = {isa = PBXBuildFile; fileRef = 5BA0A4261FD4FE53006BAF32 /* tripiede_3.png */; };
		5BA0A4331FD4FE54006BAF32 /* camera_2.png in Resources */ = {isa = PBXBuildFile; fileRef = 5BA0A4271FD4FE53006BAF32 /* camera_2.png */; };
		5BA0A4341FD4FE54006BAF32 /* tripiede_1.png in Resources */ = {isa = PBXBuildFile; fileRef = 5BA0A4281FD4FE53006BAF32 /* tripiede_1.png */; };
		5BA0A4351FD4FE54006BAF32 /* lentille_2.png in Resources */ = {isa = PBXBuildFile; fileRef = 5BA0A4291FD4FE53006BAF32 /* lentille_2.png */; };
		5BA0A4361FD4FE54006BAF32 /* lentille_3.png in Resources */ = {isa = PBXBuildFile; fileRef = 5BA0A42A1FD4FE53006BAF32 /* lentille_3.png */; };
		5BA0A4371FD4FE54006BAF32 /* lentille_1.png in Resources */ = {isa = PBXBuildFile; fileRef = 5BA0A42B1FD4FE53006BAF32 /* lentille_1.png */; };
		5BA0A4381FD4FE54006BAF32 /* tripiede_2.png in Resources */ = {isa = PBXBuildFile; fileRef = 5BA0A42C1FD4FE53006BAF32 /* tripiede_2.png */; };
		5BA0A4391FD4FE54006BAF32 /* camera_1.png in Resources */ = {isa = PBXBuildFile; fileRef = 5BA0A42D1FD4FE53006BAF32 /* camera_1.png */; };
		5BA0A43A1FD4FE54006BAF32 /* camera_4.png in Resources */ = {isa = PBXBuildFile; fileRef = 5BA0A42E1FD4FE54006BAF32 /* camera_4.png */; };
		5BA0A43B1FD4FE54006BAF32 /* tripiede_4.png in Resources */ = {isa = PBXBuildFile; fileRef = 5BA0A42F1FD4FE54006BAF32 /* tripiede_4.png */; };
		5BEB56871FD3BCBB007686CD /* pelicule_admin.png in Resources */ = {isa = PBXBuildFile; fileRef = 5BEB56861FD3BCBA007686CD /* pelicule_admin.png */; };
		9B5D00CB1FD6F8F50014FA9F /* Interface_Cristine .png in Resources */ = {isa = PBXBuildFile; fileRef = 9B5D00C91FD6F8F30014FA9F /* Interface_Cristine .png */; };
		9B5D00CC1FD6F8F50014FA9F /* Lauchscreen_Crist.png in Resources */ = {isa = PBXBuildFile; fileRef = 9B5D00CA1FD6F8F40014FA9F /* Lauchscreen_Crist.png */; };
		9B5D00CE1FD6FDA70014FA9F /* Interface_cristine .png in Resources */ = {isa = PBXBuildFile; fileRef = 9B5D00CD1FD6FDA60014FA9F /* Interface_cristine .png */; };
		9B5D00D01FD708B20014FA9F /* logo_fondo.png in Resources */ = {isa = PBXBuildFile; fileRef = 9B5D00CF1FD708B00014FA9F /* logo_fondo.png */; };
		9B690D201FD1FCA000C91B7F /* logo4.png in Resources */ = {isa = PBXBuildFile; fileRef = 9B690D1F1FD1FCA000C91B7F /* logo4.png */; };
		9BCAD8EC1FD1C0B8008A9C06 /* Plan de travail 2.png in Resources */ = {isa = PBXBuildFile; fileRef = 9BCAD8EA1FD1C0B8008A9C06 /* Plan de travail 2.png */; };
		9BCAD8ED1FD1C0B8008A9C06 /* pelicule3.png in Resources */ = {isa = PBXBuildFile; fileRef = 9BCAD8EB1FD1C0B8008A9C06 /* pelicule3.png */; };
		9BCAD8EF1FD1C2F4008A9C06 /* button_rouge.png in Resources */ = {isa = PBXBuildFile; fileRef = 9BCAD8EE1FD1C2F4008A9C06 /* button_rouge.png */; };
		9BCAD8F51FD1C3D5008A9C06 /* Champagne & Limousines Italic.ttf in Resources */ = {isa = PBXBuildFile; fileRef = 9BCAD8F11FD1C3D0008A9C06 /* Champagne & Limousines Italic.ttf */; };
		9BCAD8F61FD1C3D5008A9C06 /* Champagne & Limousines.ttf in Resources */ = {isa = PBXBuildFile; fileRef = 9BCAD8F21FD1C3D1008A9C06 /* Champagne & Limousines.ttf */; };
		9BCAD8F71FD1C3D5008A9C06 /* Champagne & Limousines Bold Italic.ttf in Resources */ = {isa = PBXBuildFile; fileRef = 9BCAD8F31FD1C3D2008A9C06 /* Champagne & Limousines Bold Italic.ttf */; };
		9BCAD8F81FD1C3D5008A9C06 /* Champagne & Limousines Bold.ttf in Resources */ = {isa = PBXBuildFile; fileRef = 9BCAD8F41FD1C3D4008A9C06 /* Champagne & Limousines Bold.ttf */; };
		9BCAD8FA1FD1C56B008A9C06 /* logo3.png in Resources */ = {isa = PBXBuildFile; fileRef = 9BCAD8F91FD1C56B008A9C06 /* logo3.png */; };
		9BD906AB1FD61C650010E1B5 /* Interface 1 .png in Resources */ = {isa = PBXBuildFile; fileRef = 9BD906AA1FD61C630010E1B5 /* Interface 1 .png */; };
		9BD906AD1FD620FB0010E1B5 /* Interface 1.1.png in Resources */ = {isa = PBXBuildFile; fileRef = 9BD906AC1FD620FA0010E1B5 /* Interface 1.1.png */; };
		9BD906B01FD634C90010E1B5 /* Interface1_final.png in Resources */ = {isa = PBXBuildFile; fileRef = 9BD906AE1FD634C70010E1B5 /* Interface1_final.png */; };
		9BD906B11FD634C90010E1B5 /* button-ticket.png in Resources */ = {isa = PBXBuildFile; fileRef = 9BD906AF1FD634C80010E1B5 /* button-ticket.png */; };
		9BD906B31FD63D0F0010E1B5 /* interface3.png in Resources */ = {isa = PBXBuildFile; fileRef = 9BD906B21FD63D0C0010E1B5 /* interface3.png */; };
/* End PBXBuildFile section */

/* Begin PBXFileReference section */
		000CCE541FB20A5800F81C03 /* Animate.swift */ = {isa = PBXFileReference; fileEncoding = 4; lastKnownFileType = sourcecode.swift; path = Animate.swift; sourceTree = "<group>"; };
		000CCE551FB20A5800F81C03 /* UserDefaultsManager.swift */ = {isa = PBXFileReference; fileEncoding = 4; lastKnownFileType = sourcecode.swift; path = UserDefaultsManager.swift; sourceTree = "<group>"; };
		000CCE581FB20A8100F81C03 /* SectionController.swift */ = {isa = PBXFileReference; lastKnownFileType = sourcecode.swift; path = SectionController.swift; sourceTree = "<group>"; };
		003D22DD1FBF0AC800AAA9DF /* cam.jpg */ = {isa = PBXFileReference; lastKnownFileType = image.jpeg; name = cam.jpg; path = Images/cam.jpg; sourceTree = "<group>"; };
		003D22DF1FBF0DF200AAA9DF /* nothing.png */ = {isa = PBXFileReference; lastKnownFileType = image.png; name = nothing.png; path = Images/nothing.png; sourceTree = "<group>"; };
		0058B05F1F127B6E008EA176 /* laShop.app */ = {isa = PBXFileReference; explicitFileType = wrapper.application; includeInIndex = 0; path = laShop.app; sourceTree = BUILT_PRODUCTS_DIR; };
		0058B0621F127B6E008EA176 /* AppDelegate.swift */ = {isa = PBXFileReference; lastKnownFileType = sourcecode.swift; path = AppDelegate.swift; sourceTree = "<group>"; };
		0058B0641F127B6E008EA176 /* MainViewController.swift */ = {isa = PBXFileReference; lastKnownFileType = sourcecode.swift; path = MainViewController.swift; sourceTree = "<group>"; };
		0058B0671F127B6E008EA176 /* Base */ = {isa = PBXFileReference; lastKnownFileType = file.storyboard; name = Base; path = Base.lproj/Main.storyboard; sourceTree = "<group>"; };
		0058B0691F127B6E008EA176 /* Assets.xcassets */ = {isa = PBXFileReference; lastKnownFileType = folder.assetcatalog; path = Assets.xcassets; sourceTree = "<group>"; };
		0058B06C1F127B6E008EA176 /* Base */ = {isa = PBXFileReference; lastKnownFileType = file.storyboard; name = Base; path = Base.lproj/LaunchScreen.storyboard; sourceTree = "<group>"; };
		0058B06E1F127B6E008EA176 /* Info.plist */ = {isa = PBXFileReference; lastKnownFileType = text.plist.xml; path = Info.plist; sourceTree = "<group>"; };
		00CFD6841FBB753B00ECC0CD /* AdminViewController.swift */ = {isa = PBXFileReference; lastKnownFileType = sourcecode.swift; path = AdminViewController.swift; sourceTree = "<group>"; };
		00CFD6861FBB75CD00ECC0CD /* Parser2.swift */ = {isa = PBXFileReference; lastKnownFileType = sourcecode.swift; path = Parser2.swift; sourceTree = "<group>"; };
		00F85DF21F129877001B2255 /* Parser1.swift */ = {isa = PBXFileReference; lastKnownFileType = sourcecode.swift; path = Parser1.swift; sourceTree = "<group>"; };
		5BA0A3DD1FD4BB5B006BAF32 /* cinema_red_carpet.png */ = {isa = PBXFileReference; lastKnownFileType = image.png; name = cinema_red_carpet.png; path = Images/cinema_red_carpet.png; sourceTree = "<group>"; };
		5BA0A3DF1FD4BD2C006BAF32 /* cinema_room.png */ = {isa = PBXFileReference; lastKnownFileType = image.png; name = cinema_room.png; path = Images/cinema_room.png; sourceTree = "<group>"; };
		5BA0A3E11FD4CCAC006BAF32 /* texture_blood.png */ = {isa = PBXFileReference; lastKnownFileType = image.png; name = texture_blood.png; path = Images/texture_blood.png; sourceTree = "<group>"; };
		5BA0A3E41FD4E470006BAF32 /* Icon-16.png */ = {isa = PBXFileReference; lastKnownFileType = image.png; name = "Icon-16.png"; path = "icons/Icon-16.png"; sourceTree = "<group>"; };
		5BA0A3E51FD4E47D006BAF32 /* Icon-167.png */ = {isa = PBXFileReference; lastKnownFileType = image.png; name = "Icon-167.png"; path = "icons/Icon-167.png"; sourceTree = "<group>"; };
		5BA0A3E61FD4E48B006BAF32 /* Icon-32.png */ = {isa = PBXFileReference; lastKnownFileType = image.png; name = "Icon-32.png"; path = "icons/Icon-32.png"; sourceTree = "<group>"; };
		5BA0A3E71FD4E495006BAF32 /* Icon-512.png */ = {isa = PBXFileReference; lastKnownFileType = image.png; name = "Icon-512.png"; path = "icons/Icon-512.png"; sourceTree = "<group>"; };
		5BA0A3E81FD4E49E006BAF32 /* Icon-1024.png */ = {isa = PBXFileReference; lastKnownFileType = image.png; name = "Icon-1024.png"; path = "icons/Icon-1024.png"; sourceTree = "<group>"; };
		5BA0A3E91FD4E4A7006BAF32 /* Icon-29.png */ = {isa = PBXFileReference; lastKnownFileType = image.png; name = "Icon-29.png"; path = "icons/Icon-29.png"; sourceTree = "<group>"; };
		5BA0A3EA1FD4E4B1006BAF32 /* Icon-100.png */ = {isa = PBXFileReference; lastKnownFileType = image.png; name = "Icon-100.png"; path = "icons/Icon-100.png"; sourceTree = "<group>"; };
		5BA0A3EB1FD4E4BF006BAF32 /* Icon-180.png */ = {isa = PBXFileReference; lastKnownFileType = image.png; name = "Icon-180.png"; path = "icons/Icon-180.png"; sourceTree = "<group>"; };
		5BA0A3EC1FD4E4CA006BAF32 /* Icon-57.png */ = {isa = PBXFileReference; lastKnownFileType = image.png; name = "Icon-57.png"; path = "icons/Icon-57.png"; sourceTree = "<group>"; };
		5BA0A3ED1FD4E4DA006BAF32 /* Icon-114.png */ = {isa = PBXFileReference; lastKnownFileType = image.png; name = "Icon-114.png"; path = "icons/Icon-114.png"; sourceTree = "<group>"; };
		5BA0A3EE1FD4E4E4006BAF32 /* Icon-256.png */ = {isa = PBXFileReference; lastKnownFileType = image.png; name = "Icon-256.png"; path = "icons/Icon-256.png"; sourceTree = "<group>"; };
		5BA0A3EF1FD4E4EF006BAF32 /* Icon-72.png */ = {isa = PBXFileReference; lastKnownFileType = image.png; name = "Icon-72.png"; path = "icons/Icon-72.png"; sourceTree = "<group>"; };
		5BA0A3F01FD4E4FB006BAF32 /* Icon-76.png */ = {isa = PBXFileReference; lastKnownFileType = image.png; name = "Icon-76.png"; path = "icons/Icon-76.png"; sourceTree = "<group>"; };
		5BA0A3F11FD4E509006BAF32 /* Icon-55.png */ = {isa = PBXFileReference; lastKnownFileType = image.png; name = "Icon-55.png"; path = "icons/Icon-55.png"; sourceTree = "<group>"; };
		5BA0A3F21FD4E518006BAF32 /* Icon-128.png */ = {isa = PBXFileReference; lastKnownFileType = image.png; name = "Icon-128.png"; path = "icons/Icon-128.png"; sourceTree = "<group>"; };
		5BA0A3F31FD4E524006BAF32 /* Icon-80.png */ = {isa = PBXFileReference; lastKnownFileType = image.png; name = "Icon-80.png"; path = "icons/Icon-80.png"; sourceTree = "<group>"; };
		5BA0A3F41FD4E532006BAF32 /* Icon-48.png */ = {isa = PBXFileReference; lastKnownFileType = image.png; name = "Icon-48.png"; path = "icons/Icon-48.png"; sourceTree = "<group>"; };
		5BA0A3F51FD4E53E006BAF32 /* Icon-64.png */ = {isa = PBXFileReference; lastKnownFileType = image.png; name = "Icon-64.png"; path = "icons/Icon-64.png"; sourceTree = "<group>"; };
		5BA0A3F61FD4E54F006BAF32 /* Icon-88.png */ = {isa = PBXFileReference; lastKnownFileType = image.png; name = "Icon-88.png"; path = "icons/Icon-88.png"; sourceTree = "<group>"; };
		5BA0A3F71FD4E567006BAF32 /* Icon-196.png */ = {isa = PBXFileReference; lastKnownFileType = image.png; name = "Icon-196.png"; path = "icons/Icon-196.png"; sourceTree = "<group>"; };
		5BA0A3F81FD4E580006BAF32 /* Icon-20.png */ = {isa = PBXFileReference; lastKnownFileType = image.png; name = "Icon-20.png"; path = "icons/Icon-20.png"; sourceTree = "<group>"; };
		5BA0A3F91FD4E581006BAF32 /* Icon-60.png */ = {isa = PBXFileReference; lastKnownFileType = image.png; name = "Icon-60.png"; path = "icons/Icon-60.png"; sourceTree = "<group>"; };
		5BA0A3FA1FD4E594006BAF32 /* Icon-120.png */ = {isa = PBXFileReference; lastKnownFileType = image.png; name = "Icon-120.png"; path = "icons/Icon-120.png"; sourceTree = "<group>"; };
		5BA0A3FB1FD4E5A6006BAF32 /* Icon-50.png */ = {isa = PBXFileReference; lastKnownFileType = image.png; name = "Icon-50.png"; path = "icons/Icon-50.png"; sourceTree = "<group>"; };
		5BA0A3FC1FD4E5B6006BAF32 /* Icon-152.png */ = {isa = PBXFileReference; lastKnownFileType = image.png; name = "Icon-152.png"; path = "icons/Icon-152.png"; sourceTree = "<group>"; };
		5BA0A3FD1FD4E5C4006BAF32 /* Icon-172.png */ = {isa = PBXFileReference; lastKnownFileType = image.png; name = "Icon-172.png"; path = "icons/Icon-172.png"; sourceTree = "<group>"; };
		5BA0A3FE1FD4E5D1006BAF32 /* Icon-144.png */ = {isa = PBXFileReference; lastKnownFileType = image.png; name = "Icon-144.png"; path = "icons/Icon-144.png"; sourceTree = "<group>"; };
		5BA0A3FF1FD4E5DE006BAF32 /* Icon-40.png */ = {isa = PBXFileReference; lastKnownFileType = image.png; name = "Icon-40.png"; path = "icons/Icon-40.png"; sourceTree = "<group>"; };
		5BA0A4001FD4E5EE006BAF32 /* Icon-58.png */ = {isa = PBXFileReference; lastKnownFileType = image.png; name = "Icon-58.png"; path = "icons/Icon-58.png"; sourceTree = "<group>"; };
		5BA0A4011FD4E5FD006BAF32 /* Icon-87.png */ = {isa = PBXFileReference; lastKnownFileType = image.png; name = "Icon-87.png"; path = "icons/Icon-87.png"; sourceTree = "<group>"; };
		5BA0A4201FD4E8B2006BAF32 /* logo_final.png */ = {isa = PBXFileReference; lastKnownFileType = image.png; name = logo_final.png; path = Images/logo_final.png; sourceTree = "<group>"; };
		5BA0A4221FD4F159006BAF32 /* launch.png */ = {isa = PBXFileReference; lastKnownFileType = image.png; name = launch.png; path = Images/launch.png; sourceTree = "<group>"; };
		5BA0A4241FD4FE52006BAF32 /* camera_3.png */ = {isa = PBXFileReference; lastKnownFileType = image.png; name = camera_3.png; path = Images/camera_3.png; sourceTree = "<group>"; };
		5BA0A4251FD4FE52006BAF32 /* camera_5.png */ = {isa = PBXFileReference; lastKnownFileType = image.png; name = camera_5.png; path = Images/camera_5.png; sourceTree = "<group>"; };
		5BA0A4261FD4FE53006BAF32 /* tripiede_3.png */ = {isa = PBXFileReference; lastKnownFileType = image.png; name = tripiede_3.png; path = Images/tripiede_3.png; sourceTree = "<group>"; };
		5BA0A4271FD4FE53006BAF32 /* camera_2.png */ = {isa = PBXFileReference; lastKnownFileType = image.png; name = camera_2.png; path = Images/camera_2.png; sourceTree = "<group>"; };
		5BA0A4281FD4FE53006BAF32 /* tripiede_1.png */ = {isa = PBXFileReference; lastKnownFileType = image.png; name = tripiede_1.png; path = Images/tripiede_1.png; sourceTree = "<group>"; };
		5BA0A4291FD4FE53006BAF32 /* lentille_2.png */ = {isa = PBXFileReference; lastKnownFileType = image.png; name = lentille_2.png; path = Images/lentille_2.png; sourceTree = "<group>"; };
		5BA0A42A1FD4FE53006BAF32 /* lentille_3.png */ = {isa = PBXFileReference; lastKnownFileType = image.png; name = lentille_3.png; path = Images/lentille_3.png; sourceTree = "<group>"; };
		5BA0A42B1FD4FE53006BAF32 /* lentille_1.png */ = {isa = PBXFileReference; lastKnownFileType = image.png; name = lentille_1.png; path = Images/lentille_1.png; sourceTree = "<group>"; };
		5BA0A42C1FD4FE53006BAF32 /* tripiede_2.png */ = {isa = PBXFileReference; lastKnownFileType = image.png; name = tripiede_2.png; path = Images/tripiede_2.png; sourceTree = "<group>"; };
		5BA0A42D1FD4FE53006BAF32 /* camera_1.png */ = {isa = PBXFileReference; lastKnownFileType = image.png; name = camera_1.png; path = Images/camera_1.png; sourceTree = "<group>"; };
		5BA0A42E1FD4FE54006BAF32 /* camera_4.png */ = {isa = PBXFileReference; lastKnownFileType = image.png; name = camera_4.png; path = Images/camera_4.png; sourceTree = "<group>"; };
		5BA0A42F1FD4FE54006BAF32 /* tripiede_4.png */ = {isa = PBXFileReference; lastKnownFileType = image.png; name = tripiede_4.png; path = Images/tripiede_4.png; sourceTree = "<group>"; };
		5BEB56861FD3BCBA007686CD /* pelicule_admin.png */ = {isa = PBXFileReference; lastKnownFileType = image.png; name = pelicule_admin.png; path = Images/pelicule_admin.png; sourceTree = "<group>"; };
		9B5D00C91FD6F8F30014FA9F /* Interface_Cristine .png */ = {isa = PBXFileReference; lastKnownFileType = image.png; name = "Interface_Cristine .png"; path = "Images/Interface_Cristine .png"; sourceTree = "<group>"; };
		9B5D00CA1FD6F8F40014FA9F /* Lauchscreen_Crist.png */ = {isa = PBXFileReference; lastKnownFileType = image.png; name = Lauchscreen_Crist.png; path = Images/Lauchscreen_Crist.png; sourceTree = "<group>"; };
		9B5D00CD1FD6FDA60014FA9F /* Interface_cristine .png */ = {isa = PBXFileReference; lastKnownFileType = image.png; name = "Interface_cristine .png"; path = "Images/Interface_cristine .png"; sourceTree = "<group>"; };
		9B5D00CF1FD708B00014FA9F /* logo_fondo.png */ = {isa = PBXFileReference; lastKnownFileType = image.png; name = logo_fondo.png; path = Images/logo_fondo.png; sourceTree = "<group>"; };
		9B690D1F1FD1FCA000C91B7F /* logo4.png */ = {isa = PBXFileReference; lastKnownFileType = image.png; name = logo4.png; path = Images/logo4.png; sourceTree = "<group>"; };
		9BCAD8EA1FD1C0B8008A9C06 /* Plan de travail 2.png */ = {isa = PBXFileReference; lastKnownFileType = image.png; name = "Plan de travail 2.png"; path = "Images/Plan de travail 2.png"; sourceTree = "<group>"; };
		9BCAD8EB1FD1C0B8008A9C06 /* pelicule3.png */ = {isa = PBXFileReference; lastKnownFileType = image.png; name = pelicule3.png; path = Images/pelicule3.png; sourceTree = "<group>"; };
		9BCAD8EE1FD1C2F4008A9C06 /* button_rouge.png */ = {isa = PBXFileReference; lastKnownFileType = image.png; name = button_rouge.png; path = Images/button_rouge.png; sourceTree = "<group>"; };
		9BCAD8F11FD1C3D0008A9C06 /* Champagne & Limousines Italic.ttf */ = {isa = PBXFileReference; lastKnownFileType = file; name = "Champagne & Limousines Italic.ttf"; path = "fonts/Champagne & Limousines Italic.ttf"; sourceTree = "<group>"; };
		9BCAD8F21FD1C3D1008A9C06 /* Champagne & Limousines.ttf */ = {isa = PBXFileReference; lastKnownFileType = file; name = "Champagne & Limousines.ttf"; path = "fonts/Champagne & Limousines.ttf"; sourceTree = "<group>"; };
		9BCAD8F31FD1C3D2008A9C06 /* Champagne & Limousines Bold Italic.ttf */ = {isa = PBXFileReference; lastKnownFileType = file; name = "Champagne & Limousines Bold Italic.ttf"; path = "fonts/Champagne & Limousines Bold Italic.ttf"; sourceTree = "<group>"; };
		9BCAD8F41FD1C3D4008A9C06 /* Champagne & Limousines Bold.ttf */ = {isa = PBXFileReference; lastKnownFileType = file; name = "Champagne & Limousines Bold.ttf"; path = "fonts/Champagne & Limousines Bold.ttf"; sourceTree = "<group>"; };
		9BCAD8F91FD1C56B008A9C06 /* logo3.png */ = {isa = PBXFileReference; lastKnownFileType = image.png; name = logo3.png; path = Images/logo3.png; sourceTree = "<group>"; };
		9BD906AA1FD61C630010E1B5 /* Interface 1 .png */ = {isa = PBXFileReference; lastKnownFileType = image.png; name = "Interface 1 .png"; path = "Images/Interface 1 .png"; sourceTree = "<group>"; };
		9BD906AC1FD620FA0010E1B5 /* Interface 1.1.png */ = {isa = PBXFileReference; lastKnownFileType = image.png; name = "Interface 1.1.png"; path = "Images/Interface 1.1.png"; sourceTree = "<group>"; };
		9BD906AE1FD634C70010E1B5 /* Interface1_final.png */ = {isa = PBXFileReference; lastKnownFileType = image.png; name = Interface1_final.png; path = Images/Interface1_final.png; sourceTree = "<group>"; };
		9BD906AF1FD634C80010E1B5 /* button-ticket.png */ = {isa = PBXFileReference; lastKnownFileType = image.png; name = "button-ticket.png"; path = "Images/button-ticket.png"; sourceTree = "<group>"; };
		9BD906B21FD63D0C0010E1B5 /* interface3.png */ = {isa = PBXFileReference; lastKnownFileType = image.png; name = interface3.png; path = Images/interface3.png; sourceTree = "<group>"; };
/* End PBXFileReference section */

/* Begin PBXFrameworksBuildPhase section */
		0058B05C1F127B6E008EA176 /* Frameworks */ = {
			isa = PBXFrameworksBuildPhase;
			buildActionMask = 2147483647;
			files = (
			);
			runOnlyForDeploymentPostprocessing = 0;
		};
/* End PBXFrameworksBuildPhase section */

/* Begin PBXGroup section */
		003D22DC1FBF0AA000AAA9DF /* Images */ = {
			isa = PBXGroup;
			children = (
				9B5D00CF1FD708B00014FA9F /* logo_fondo.png */,
				9B5D00CD1FD6FDA60014FA9F /* Interface_cristine .png */,
				9B5D00C91FD6F8F30014FA9F /* Interface_Cristine .png */,
				9B5D00CA1FD6F8F40014FA9F /* Lauchscreen_Crist.png */,
				9BD906B21FD63D0C0010E1B5 /* interface3.png */,
				9BD906AF1FD634C80010E1B5 /* button-ticket.png */,
				9BD906AE1FD634C70010E1B5 /* Interface1_final.png */,
				9BD906AC1FD620FA0010E1B5 /* Interface 1.1.png */,
				9BD906AA1FD61C630010E1B5 /* Interface 1 .png */,
				5BA0A42D1FD4FE53006BAF32 /* camera_1.png */,
				5BA0A4271FD4FE53006BAF32 /* camera_2.png */,
				5BA0A4241FD4FE52006BAF32 /* camera_3.png */,
				5BA0A42E1FD4FE54006BAF32 /* camera_4.png */,
				5BA0A4251FD4FE52006BAF32 /* camera_5.png */,
				5BA0A42B1FD4FE53006BAF32 /* lentille_1.png */,
				5BA0A4291FD4FE53006BAF32 /* lentille_2.png */,
				5BA0A42A1FD4FE53006BAF32 /* lentille_3.png */,
				5BA0A4281FD4FE53006BAF32 /* tripiede_1.png */,
				5BA0A42C1FD4FE53006BAF32 /* tripiede_2.png */,
				5BA0A4261FD4FE53006BAF32 /* tripiede_3.png */,
				5BA0A42F1FD4FE54006BAF32 /* tripiede_4.png */,
				5BA0A4221FD4F159006BAF32 /* launch.png */,
				5BA0A4201FD4E8B2006BAF32 /* logo_final.png */,
				5BA0A3E11FD4CCAC006BAF32 /* texture_blood.png */,
				5BA0A3DF1FD4BD2C006BAF32 /* cinema_room.png */,
				5BA0A3DD1FD4BB5B006BAF32 /* cinema_red_carpet.png */,
				5BEB56861FD3BCBA007686CD /* pelicule_admin.png */,
				9B690D1F1FD1FCA000C91B7F /* logo4.png */,
				9BCAD8F91FD1C56B008A9C06 /* logo3.png */,
				9BCAD8EE1FD1C2F4008A9C06 /* button_rouge.png */,
				9BCAD8EB1FD1C0B8008A9C06 /* pelicule3.png */,
				9BCAD8EA1FD1C0B8008A9C06 /* Plan de travail 2.png */,
				003D22DF1FBF0DF200AAA9DF /* nothing.png */,
				003D22DD1FBF0AC800AAA9DF /* cam.jpg */,
			);
			name = Images;
			sourceTree = "<group>";
		};
		0058B0561F127B6D008EA176 = {
			isa = PBXGroup;
			children = (
				0058B0611F127B6E008EA176 /* laShop */,
				0058B0601F127B6E008EA176 /* Products */,
			);
			sourceTree = "<group>";
		};
		0058B0601F127B6E008EA176 /* Products */ = {
			isa = PBXGroup;
			children = (
				0058B05F1F127B6E008EA176 /* laShop.app */,
			);
			name = Products;
			sourceTree = "<group>";
		};
		0058B0611F127B6E008EA176 /* laShop */ = {
			isa = PBXGroup;
			children = (
				5BA0A3E31FD4E419006BAF32 /* icon */,
				9BCAD8F01FD1C334008A9C06 /* fonts */,
				003D22DC1FBF0AA000AAA9DF /* Images */,
				000CCE541FB20A5800F81C03 /* Animate.swift */,
				000CCE551FB20A5800F81C03 /* UserDefaultsManager.swift */,
				0058B0621F127B6E008EA176 /* AppDelegate.swift */,
				0058B0641F127B6E008EA176 /* MainViewController.swift */,
				00CFD6841FBB753B00ECC0CD /* AdminViewController.swift */,
				000CCE581FB20A8100F81C03 /* SectionController.swift */,
				0058B0661F127B6E008EA176 /* Main.storyboard */,
				00F85DF21F129877001B2255 /* Parser1.swift */,
				00CFD6861FBB75CD00ECC0CD /* Parser2.swift */,
				0058B0691F127B6E008EA176 /* Assets.xcassets */,
				0058B06B1F127B6E008EA176 /* LaunchScreen.storyboard */,
				0058B06E1F127B6E008EA176 /* Info.plist */,
			);
			path = laShop;
			sourceTree = "<group>";
		};
		5BA0A3E31FD4E419006BAF32 /* icon */ = {
			isa = PBXGroup;
			children = (
				5BA0A3E41FD4E470006BAF32 /* Icon-16.png */,
				5BA0A3F81FD4E580006BAF32 /* Icon-20.png */,
				5BA0A3E91FD4E4A7006BAF32 /* Icon-29.png */,
				5BA0A3E61FD4E48B006BAF32 /* Icon-32.png */,
				5BA0A3FF1FD4E5DE006BAF32 /* Icon-40.png */,
				5BA0A3F41FD4E532006BAF32 /* Icon-48.png */,
				5BA0A3FB1FD4E5A6006BAF32 /* Icon-50.png */,
				5BA0A3F11FD4E509006BAF32 /* Icon-55.png */,
				5BA0A3EC1FD4E4CA006BAF32 /* Icon-57.png */,
				5BA0A4001FD4E5EE006BAF32 /* Icon-58.png */,
				5BA0A3F91FD4E581006BAF32 /* Icon-60.png */,
				5BA0A3F51FD4E53E006BAF32 /* Icon-64.png */,
				5BA0A3EF1FD4E4EF006BAF32 /* Icon-72.png */,
				5BA0A3F01FD4E4FB006BAF32 /* Icon-76.png */,
				5BA0A3F31FD4E524006BAF32 /* Icon-80.png */,
				5BA0A4011FD4E5FD006BAF32 /* Icon-87.png */,
				5BA0A3F61FD4E54F006BAF32 /* Icon-88.png */,
				5BA0A3EA1FD4E4B1006BAF32 /* Icon-100.png */,
				5BA0A3ED1FD4E4DA006BAF32 /* Icon-114.png */,
				5BA0A3FA1FD4E594006BAF32 /* Icon-120.png */,
				5BA0A3F21FD4E518006BAF32 /* Icon-128.png */,
				5BA0A3FE1FD4E5D1006BAF32 /* Icon-144.png */,
				5BA0A3FC1FD4E5B6006BAF32 /* Icon-152.png */,
				5BA0A3E51FD4E47D006BAF32 /* Icon-167.png */,
				5BA0A3FD1FD4E5C4006BAF32 /* Icon-172.png */,
				5BA0A3EB1FD4E4BF006BAF32 /* Icon-180.png */,
				5BA0A3F71FD4E567006BAF32 /* Icon-196.png */,
				5BA0A3EE1FD4E4E4006BAF32 /* Icon-256.png */,
				5BA0A3E71FD4E495006BAF32 /* Icon-512.png */,
				5BA0A3E81FD4E49E006BAF32 /* Icon-1024.png */,
			);
			name = icon;
			sourceTree = "<group>";
		};
		9BCAD8F01FD1C334008A9C06 /* fonts */ = {
			isa = PBXGroup;
			children = (
				9BCAD8F31FD1C3D2008A9C06 /* Champagne & Limousines Bold Italic.ttf */,
				9BCAD8F41FD1C3D4008A9C06 /* Champagne & Limousines Bold.ttf */,
				9BCAD8F11FD1C3D0008A9C06 /* Champagne & Limousines Italic.ttf */,
				9BCAD8F21FD1C3D1008A9C06 /* Champagne & Limousines.ttf */,
			);
			name = fonts;
			sourceTree = "<group>";
		};
/* End PBXGroup section */

/* Begin PBXNativeTarget section */
		0058B05E1F127B6E008EA176 /* laShop */ = {
			isa = PBXNativeTarget;
			buildConfigurationList = 0058B0711F127B6E008EA176 /* Build configuration list for PBXNativeTarget "laShop" */;
			buildPhases = (
				0058B05B1F127B6E008EA176 /* Sources */,
				0058B05C1F127B6E008EA176 /* Frameworks */,
				0058B05D1F127B6E008EA176 /* Resources */,
			);
			buildRules = (
			);
			dependencies = (
			);
			name = laShop;
			productName = laShop;
			productReference = 0058B05F1F127B6E008EA176 /* laShop.app */;
			productType = "com.apple.product-type.application";
		};
/* End PBXNativeTarget section */

/* Begin PBXProject section */
		0058B0571F127B6D008EA176 /* Project object */ = {
			isa = PBXProject;
			attributes = {
				LastSwiftUpdateCheck = 0900;
				LastUpgradeCheck = 0910;
				ORGANIZATIONNAME = "Mario Geneau";
				TargetAttributes = {
					0058B05E1F127B6E008EA176 = {
						CreatedOnToolsVersion = 9.0;
					};
				};
			};
			buildConfigurationList = 0058B05A1F127B6D008EA176 /* Build configuration list for PBXProject "laShop" */;
			compatibilityVersion = "Xcode 8.0";
			developmentRegion = en;
			hasScannedForEncodings = 0;
			knownRegions = (
				en,
				Base,
			);
			mainGroup = 0058B0561F127B6D008EA176;
			productRefGroup = 0058B0601F127B6E008EA176 /* Products */;
			projectDirPath = "";
			projectRoot = "";
			targets = (
				0058B05E1F127B6E008EA176 /* laShop */,
			);
		};
/* End PBXProject section */

/* Begin PBXResourcesBuildPhase section */
		0058B05D1F127B6E008EA176 /* Resources */ = {
			isa = PBXResourcesBuildPhase;
			buildActionMask = 2147483647;
			files = (
				5BA0A4141FD4E60E006BAF32 /* Icon-88.png in Resources */,
				9BCAD8EF1FD1C2F4008A9C06 /* button_rouge.png in Resources */,
				9BCAD8F51FD1C3D5008A9C06 /* Champagne & Limousines Italic.ttf in Resources */,
				9B5D00D01FD708B20014FA9F /* logo_fondo.png in Resources */,
				5BA0A4131FD4E60E006BAF32 /* Icon-64.png in Resources */,
				0058B06D1F127B6E008EA176 /* LaunchScreen.storyboard in Resources */,
				9BD906AD1FD620FB0010E1B5 /* Interface 1.1.png in Resources */,
				5BA0A4181FD4E60E006BAF32 /* Icon-120.png in Resources */,
				9B5D00CB1FD6F8F50014FA9F /* Interface_Cristine .png in Resources */,
				5BA0A4031FD4E60E006BAF32 /* Icon-167.png in Resources */,
				0058B06A1F127B6E008EA176 /* Assets.xcassets in Resources */,
				5BA0A4341FD4FE54006BAF32 /* tripiede_1.png in Resources */,
				9BCAD8F71FD1C3D5008A9C06 /* Champagne & Limousines Bold Italic.ttf in Resources */,
				5BA0A4121FD4E60E006BAF32 /* Icon-48.png in Resources */,
				5BA0A4351FD4FE54006BAF32 /* lentille_2.png in Resources */,
				0058B0681F127B6E008EA176 /* Main.storyboard in Resources */,
				5BA0A4191FD4E60E006BAF32 /* Icon-50.png in Resources */,
				5BA0A4311FD4FE54006BAF32 /* camera_5.png in Resources */,
				5BA0A4331FD4FE54006BAF32 /* camera_2.png in Resources */,
				5BA0A4391FD4FE54006BAF32 /* camera_1.png in Resources */,
				5BA0A4171FD4E60E006BAF32 /* Icon-60.png in Resources */,
				5BA0A4061FD4E60E006BAF32 /* Icon-1024.png in Resources */,
				5BA0A4151FD4E60E006BAF32 /* Icon-196.png in Resources */,
				5BEB56871FD3BCBB007686CD /* pelicule_admin.png in Resources */,
				5BA0A4041FD4E60E006BAF32 /* Icon-32.png in Resources */,
				5BA0A4361FD4FE54006BAF32 /* lentille_3.png in Resources */,
				9BCAD8EC1FD1C0B8008A9C06 /* Plan de travail 2.png in Resources */,
				9BD906B01FD634C90010E1B5 /* Interface1_final.png in Resources */,
				5BA0A40E1FD4E60E006BAF32 /* Icon-76.png in Resources */,
				9BD906B31FD63D0F0010E1B5 /* interface3.png in Resources */,
				5BA0A40D1FD4E60E006BAF32 /* Icon-72.png in Resources */,
				5BA0A41E1FD4E60E006BAF32 /* Icon-58.png in Resources */,
				5BA0A40B1FD4E60E006BAF32 /* Icon-114.png in Resources */,
				5BA0A4111FD4E60E006BAF32 /* Icon-80.png in Resources */,
				9BCAD8F61FD1C3D5008A9C06 /* Champagne & Limousines.ttf in Resources */,
				5BA0A4381FD4FE54006BAF32 /* tripiede_2.png in Resources */,
				5BA0A41B1FD4E60E006BAF32 /* Icon-172.png in Resources */,
				5BA0A43B1FD4FE54006BAF32 /* tripiede_4.png in Resources */,
				9B5D00CE1FD6FDA70014FA9F /* Interface_cristine .png in Resources */,
				003D22E01FBF0DF200AAA9DF /* nothing.png in Resources */,
				5BA0A4101FD4E60E006BAF32 /* Icon-128.png in Resources */,
				5BA0A4081FD4E60E006BAF32 /* Icon-100.png in Resources */,
				9BCAD8ED1FD1C0B8008A9C06 /* pelicule3.png in Resources */,
				9BCAD8F81FD1C3D5008A9C06 /* Champagne & Limousines Bold.ttf in Resources */,
				5BA0A4091FD4E60E006BAF32 /* Icon-180.png in Resources */,
				5BA0A40C1FD4E60E006BAF32 /* Icon-256.png in Resources */,
				5BA0A4321FD4FE54006BAF32 /* tripiede_3.png in Resources */,
				5BA0A4371FD4FE54006BAF32 /* lentille_1.png in Resources */,
				5BA0A40A1FD4E60E006BAF32 /* Icon-57.png in Resources */,
				9B690D201FD1FCA000C91B7F /* logo4.png in Resources */,
				5BA0A4301FD4FE54006BAF32 /* camera_3.png in Resources */,
				5BA0A4021FD4E60E006BAF32 /* Icon-16.png in Resources */,
				5BA0A41F1FD4E60E006BAF32 /* Icon-87.png in Resources */,
				9B5D00CC1FD6F8F50014FA9F /* Lauchscreen_Crist.png in Resources */,
				5BA0A41D1FD4E60E006BAF32 /* Icon-40.png in Resources */,
				9BD906AB1FD61C650010E1B5 /* Interface 1 .png in Resources */,
				5BA0A3DE1FD4BB5D006BAF32 /* cinema_red_carpet.png in Resources */,
				5BA0A3E01FD4BD2D006BAF32 /* cinema_room.png in Resources */,
				9BD906B11FD634C90010E1B5 /* button-ticket.png in Resources */,
				003D22DE1FBF0AC900AAA9DF /* cam.jpg in Resources */,
				5BA0A43A1FD4FE54006BAF32 /* camera_4.png in Resources */,
				5BA0A3E21FD4CCAC006BAF32 /* texture_blood.png in Resources */,
				9BCAD8FA1FD1C56B008A9C06 /* logo3.png in Resources */,
				5BA0A4161FD4E60E006BAF32 /* Icon-20.png in Resources */,
				5BA0A4211FD4E8B3006BAF32 /* logo_final.png in Resources */,
				5BA0A41A1FD4E60E006BAF32 /* Icon-152.png in Resources */,
				5BA0A4051FD4E60E006BAF32 /* Icon-512.png in Resources */,
				5BA0A4231FD4F159006BAF32 /* launch.png in Resources */,
				5BA0A40F1FD4E60E006BAF32 /* Icon-55.png in Resources */,
				5BA0A41C1FD4E60E006BAF32 /* Icon-144.png in Resources */,
				5BA0A4071FD4E60E006BAF32 /* Icon-29.png in Resources */,
			);
			runOnlyForDeploymentPostprocessing = 0;
		};
/* End PBXResourcesBuildPhase section */

/* Begin PBXSourcesBuildPhase section */
		0058B05B1F127B6E008EA176 /* Sources */ = {
			isa = PBXSourcesBuildPhase;
			buildActionMask = 2147483647;
			files = (
				0058B0651F127B6E008EA176 /* MainViewController.swift in Sources */,
				000CCE571FB20A5800F81C03 /* UserDefaultsManager.swift in Sources */,
				0058B0631F127B6E008EA176 /* AppDelegate.swift in Sources */,
				00F85DF31F129877001B2255 /* Parser1.swift in Sources */,
				00CFD6851FBB753B00ECC0CD /* AdminViewController.swift in Sources */,
				000CCE561FB20A5800F81C03 /* Animate.swift in Sources */,
				000CCE591FB20A8100F81C03 /* SectionController.swift in Sources */,
				00CFD6871FBB75CD00ECC0CD /* Parser2.swift in Sources */,
			);
			runOnlyForDeploymentPostprocessing = 0;
		};
/* End PBXSourcesBuildPhase section */

/* Begin PBXVariantGroup section */
		0058B0661F127B6E008EA176 /* Main.storyboard */ = {
			isa = PBXVariantGroup;
			children = (
				0058B0671F127B6E008EA176 /* Base */,
			);
			name = Main.storyboard;
			sourceTree = "<group>";
		};
		0058B06B1F127B6E008EA176 /* LaunchScreen.storyboard */ = {
			isa = PBXVariantGroup;
			children = (
				0058B06C1F127B6E008EA176 /* Base */,
			);
			name = LaunchScreen.storyboard;
			sourceTree = "<group>";
		};
/* End PBXVariantGroup section */

/* Begin XCBuildConfiguration section */
		0058B06F1F127B6E008EA176 /* Debug */ = {
			isa = XCBuildConfiguration;
			buildSettings = {
				ALWAYS_SEARCH_USER_PATHS = NO;
				CLANG_ANALYZER_NONNULL = YES;
				CLANG_ANALYZER_NUMBER_OBJECT_CONVERSION = YES_AGGRESSIVE;
				CLANG_CXX_LANGUAGE_STANDARD = "gnu++14";
				CLANG_CXX_LIBRARY = "libc++";
				CLANG_ENABLE_MODULES = YES;
				CLANG_ENABLE_OBJC_ARC = YES;
				CLANG_WARN_BLOCK_CAPTURE_AUTORELEASING = YES;
				CLANG_WARN_BOOL_CONVERSION = YES;
				CLANG_WARN_COMMA = YES;
				CLANG_WARN_CONSTANT_CONVERSION = YES;
				CLANG_WARN_DIRECT_OBJC_ISA_USAGE = YES_ERROR;
				CLANG_WARN_DOCUMENTATION_COMMENTS = YES;
				CLANG_WARN_EMPTY_BODY = YES;
				CLANG_WARN_ENUM_CONVERSION = YES;
				CLANG_WARN_INFINITE_RECURSION = YES;
				CLANG_WARN_INT_CONVERSION = YES;
				CLANG_WARN_NON_LITERAL_NULL_CONVERSION = YES;
				CLANG_WARN_OBJC_LITERAL_CONVERSION = YES;
				CLANG_WARN_OBJC_ROOT_CLASS = YES_ERROR;
				CLANG_WARN_RANGE_LOOP_ANALYSIS = YES;
				CLANG_WARN_STRICT_PROTOTYPES = YES;
				CLANG_WARN_SUSPICIOUS_MOVE = YES;
				CLANG_WARN_UNGUARDED_AVAILABILITY = YES_AGGRESSIVE;
				CLANG_WARN_UNREACHABLE_CODE = YES;
				CLANG_WARN__DUPLICATE_METHOD_MATCH = YES;
				CODE_SIGN_IDENTITY = "iPhone Developer";
				COPY_PHASE_STRIP = NO;
				DEBUG_INFORMATION_FORMAT = dwarf;
				ENABLE_STRICT_OBJC_MSGSEND = YES;
				ENABLE_TESTABILITY = YES;
				GCC_C_LANGUAGE_STANDARD = gnu11;
				GCC_DYNAMIC_NO_PIC = NO;
				GCC_NO_COMMON_BLOCKS = YES;
				GCC_OPTIMIZATION_LEVEL = 0;
				GCC_PREPROCESSOR_DEFINITIONS = (
					"DEBUG=1",
					"$(inherited)",
				);
				GCC_WARN_64_TO_32_BIT_CONVERSION = YES;
				GCC_WARN_ABOUT_RETURN_TYPE = YES_ERROR;
				GCC_WARN_UNDECLARED_SELECTOR = YES;
				GCC_WARN_UNINITIALIZED_AUTOS = YES_AGGRESSIVE;
				GCC_WARN_UNUSED_FUNCTION = YES;
				GCC_WARN_UNUSED_VARIABLE = YES;
				IPHONEOS_DEPLOYMENT_TARGET = 11.0;
				MTL_ENABLE_DEBUG_INFO = YES;
				ONLY_ACTIVE_ARCH = YES;
				SDKROOT = iphoneos;
				SWIFT_ACTIVE_COMPILATION_CONDITIONS = DEBUG;
				SWIFT_OPTIMIZATION_LEVEL = "-Onone";
			};
			name = Debug;
		};
		0058B0701F127B6E008EA176 /* Release */ = {
			isa = XCBuildConfiguration;
			buildSettings = {
				ALWAYS_SEARCH_USER_PATHS = NO;
				CLANG_ANALYZER_NONNULL = YES;
				CLANG_ANALYZER_NUMBER_OBJECT_CONVERSION = YES_AGGRESSIVE;
				CLANG_CXX_LANGUAGE_STANDARD = "gnu++14";
				CLANG_CXX_LIBRARY = "libc++";
				CLANG_ENABLE_MODULES = YES;
				CLANG_ENABLE_OBJC_ARC = YES;
				CLANG_WARN_BLOCK_CAPTURE_AUTORELEASING = YES;
				CLANG_WARN_BOOL_CONVERSION = YES;
				CLANG_WARN_COMMA = YES;
				CLANG_WARN_CONSTANT_CONVERSION = YES;
				CLANG_WARN_DIRECT_OBJC_ISA_USAGE = YES_ERROR;
				CLANG_WARN_DOCUMENTATION_COMMENTS = YES;
				CLANG_WARN_EMPTY_BODY = YES;
				CLANG_WARN_ENUM_CONVERSION = YES;
				CLANG_WARN_INFINITE_RECURSION = YES;
				CLANG_WARN_INT_CONVERSION = YES;
				CLANG_WARN_NON_LITERAL_NULL_CONVERSION = YES;
				CLANG_WARN_OBJC_LITERAL_CONVERSION = YES;
				CLANG_WARN_OBJC_ROOT_CLASS = YES_ERROR;
				CLANG_WARN_RANGE_LOOP_ANALYSIS = YES;
				CLANG_WARN_STRICT_PROTOTYPES = YES;
				CLANG_WARN_SUSPICIOUS_MOVE = YES;
				CLANG_WARN_UNGUARDED_AVAILABILITY = YES_AGGRESSIVE;
				CLANG_WARN_UNREACHABLE_CODE = YES;
				CLANG_WARN__DUPLICATE_METHOD_MATCH = YES;
				CODE_SIGN_IDENTITY = "iPhone Developer";
				COPY_PHASE_STRIP = NO;
				DEBUG_INFORMATION_FORMAT = "dwarf-with-dsym";
				ENABLE_NS_ASSERTIONS = NO;
				ENABLE_STRICT_OBJC_MSGSEND = YES;
				GCC_C_LANGUAGE_STANDARD = gnu11;
				GCC_NO_COMMON_BLOCKS = YES;
				GCC_WARN_64_TO_32_BIT_CONVERSION = YES;
				GCC_WARN_ABOUT_RETURN_TYPE = YES_ERROR;
				GCC_WARN_UNDECLARED_SELECTOR = YES;
				GCC_WARN_UNINITIALIZED_AUTOS = YES_AGGRESSIVE;
				GCC_WARN_UNUSED_FUNCTION = YES;
				GCC_WARN_UNUSED_VARIABLE = YES;
				IPHONEOS_DEPLOYMENT_TARGET = 11.0;
				MTL_ENABLE_DEBUG_INFO = NO;
				SDKROOT = iphoneos;
				SWIFT_OPTIMIZATION_LEVEL = "-Owholemodule";
				VALIDATE_PRODUCT = YES;
			};
			name = Release;
		};
		0058B0721F127B6E008EA176 /* Debug */ = {
			isa = XCBuildConfiguration;
			buildSettings = {
				ASSETCATALOG_COMPILER_APPICON_NAME = AppIcon;
				DEVELOPMENT_TEAM = "";
				INFOPLIST_FILE = laShop/Info.plist;
				LD_RUNPATH_SEARCH_PATHS = "$(inherited) @executable_path/Frameworks";
				PRODUCT_BUNDLE_IDENTIFIER = com.geneau.laShop;
				PRODUCT_NAME = "$(TARGET_NAME)";
				SWIFT_VERSION = 4.0;
				TARGETED_DEVICE_FAMILY = "1,2";
			};
			name = Debug;
		};
		0058B0731F127B6E008EA176 /* Release */ = {
			isa = XCBuildConfiguration;
			buildSettings = {
				ASSETCATALOG_COMPILER_APPICON_NAME = AppIcon;
				DEVELOPMENT_TEAM = "";
				INFOPLIST_FILE = laShop/Info.plist;
				LD_RUNPATH_SEARCH_PATHS = "$(inherited) @executable_path/Frameworks";
				PRODUCT_BUNDLE_IDENTIFIER = com.geneau.laShop;
				PRODUCT_NAME = "$(TARGET_NAME)";
				SWIFT_VERSION = 4.0;
				TARGETED_DEVICE_FAMILY = "1,2";
			};
			name = Release;
		};
/* End XCBuildConfiguration section */

/* Begin XCConfigurationList section */
		0058B05A1F127B6D008EA176 /* Build configuration list for PBXProject "laShop" */ = {
			isa = XCConfigurationList;
			buildConfigurations = (
				0058B06F1F127B6E008EA176 /* Debug */,
				0058B0701F127B6E008EA176 /* Release */,
			);
			defaultConfigurationIsVisible = 0;
			defaultConfigurationName = Release;
		};
		0058B0711F127B6E008EA176 /* Build configuration list for PBXNativeTarget "laShop" */ = {
			isa = XCConfigurationList;
			buildConfigurations = (
				0058B0721F127B6E008EA176 /* Debug */,
				0058B0731F127B6E008EA176 /* Release */,
			);
			defaultConfigurationIsVisible = 0;
			defaultConfigurationName = Release;
		};
/* End XCConfigurationList section */
	};
	rootObject = 0058B0571F127B6D008EA176 /* Project object */;
}
